
Microsoft Visual Studio Solution File, Format Version 12.00
# Visual Studio 15
VisualStudioVersion = 15.0.28307.329
MinimumVisualStudioVersion = 10.0.40219.1
Project("{FAE04EC0-301F-11D3-BF4B-00C04F79EFBC}") = "TreeTraversal", "TreeTraversal\TreeTraversal.csproj", "{877F0798-38BA-4543-B302-8F9251074219}"
EndProject
Global
	GlobalSection(SolutionConfigurationPlatforms) = preSolution
		Debug|Any CPU = Debug|Any CPU
		Release|Any CPU = Release|Any CPU
	EndGlobalSection
	GlobalSection(ProjectConfigurationPlatforms) = postSolution
		{877F0798-38BA-4543-B302-8F9251074219}.Debug|Any CPU.ActiveCfg = Debug|Any CPU
		{877F0798-38BA-4543-B302-8F9251074219}.Debug|Any CPU.Build.0 = Debug|Any CPU
		{877F0798-38BA-4543-B302-8F9251074219}.Release|Any CPU.ActiveCfg = Release|Any CPU
		{877F0798-38BA-4543-B302-8F9251074219}.Release|Any CPU.Build.0 = Release|Any CPU
	EndGlobalSection
	GlobalSection(SolutionProperties) = preSolution
		HideSolutionNode = FALSE
	EndGlobalSection
	GlobalSection(ExtensibilityGlobals) = postSolution
		SolutionGuid = {12F177B4-0026-47C2-A82D-2A79A28DCAFC}
	EndGlobalSection
EndGlobal
